hash: d205e37731a65c4c6b1c803c2d1ae086e35eacc51e2ccd38937dfaf0b14c2b5c
updated: 2017-01-04T23:48:59.556132898+08:00
imports:
- name: github.com/gorilla/context
  version: 08b5f424b9271eedf6f9f0ce86cb9396ed337a42
- name: github.com/gorilla/mux
  version: 0eeaf8392f5b04950925b8a69fe70f110fa7cbfc
- name: gopkg.in/redis.v5
  version: b9cc17bae020d9c1f467ca0f27d7706c1683c370
  subpackages:
  - internal
  - internal/consistenthash
  - internal/hashtag
  - internal/pool
  - internal/proto
testImports: []
